
Microsoft Visual Studio Solution File, Format Version 12.00
# Visual Studio 2013
VisualStudioVersion = 12.0.21005.1
MinimumVisualStudioVersion = 10.0.40219.1
Project("{FAE04EC0-301F-11D3-BF4B-00C04F79EFBC}") = "ReceiptOCR", "ReceiptOCR\ReceiptOCR.csproj", "{47198CC2-520A-4AB8-9DB6-02E164CA50EB}"
EndProject
Project("{FAE04EC0-301F-11D3-BF4B-00C04F79EFBC}") = "ReceiptOCRForm", "ReceiptOCRForm\ReceiptOCRForm.csproj", "{6655AECD-8F68-42AA-A80C-C661C3218C69}"
EndProject
Project("{FAE04EC0-301F-11D3-BF4B-00C04F79EFBC}") = "ReceiptOCREngine", "ReceiptOCREngine\ReceiptOCREngine.csproj", "{CD5C5D7F-DAEC-4E7E-9076-2E5D65862C84}"
EndProject
Global
	GlobalSection(SolutionConfigurationPlatforms) = preSolution
		Debug|Any CPU = Debug|Any CPU
		Release|Any CPU = Release|Any CPU
	EndGlobalSection
	GlobalSection(ProjectConfigurationPlatforms) = postSolution
		{47198CC2-520A-4AB8-9DB6-02E164CA50EB}.Debug|Any CPU.ActiveCfg = Debug|Any CPU
		{47198CC2-520A-4AB8-9DB6-02E164CA50EB}.Debug|Any CPU.Build.0 = Debug|Any CPU
		{47198CC2-520A-4AB8-9DB6-02E164CA50EB}.Release|Any CPU.ActiveCfg = Release|Any CPU
		{47198CC2-520A-4AB8-9DB6-02E164CA50EB}.Release|Any CPU.Build.0 = Release|Any CPU
		{6655AECD-8F68-42AA-A80C-C661C3218C69}.Debug|Any CPU.ActiveCfg = Debug|Any CPU
		{6655AECD-8F68-42AA-A80C-C661C3218C69}.Debug|Any CPU.Build.0 = Debug|Any CPU
		{6655AECD-8F68-42AA-A80C-C661C3218C69}.Release|Any CPU.ActiveCfg = Release|Any CPU
		{6655AECD-8F68-42AA-A80C-C661C3218C69}.Release|Any CPU.Build.0 = Release|Any CPU
		{CD5C5D7F-DAEC-4E7E-9076-2E5D65862C84}.Debug|Any CPU.ActiveCfg = Debug|Any CPU
		{CD5C5D7F-DAEC-4E7E-9076-2E5D65862C84}.Debug|Any CPU.Build.0 = Debug|Any CPU
		{CD5C5D7F-DAEC-4E7E-9076-2E5D65862C84}.Release|Any CPU.ActiveCfg = Release|Any CPU
		{CD5C5D7F-DAEC-4E7E-9076-2E5D65862C84}.Release|Any CPU.Build.0 = Release|Any CPU
	EndGlobalSection
	GlobalSection(SolutionProperties) = preSolution
		HideSolutionNode = FALSE
	EndGlobalSection
EndGlobal
